// !$*UTF8*$!
{
	archiveVersion = 1;
	classes = {
	};
	objectVersion = 46;
	objects = {

/* Begin PBXBuildFile section */
		7FEBE5BF1F057743006A855A /* AppDelegate.swift in Sources */ = {isa = PBXBuildFile; fileRef = 7FEBE5BE1F057743006A855A /* AppDelegate.swift */; };
		7FEBE5C11F057743006A855A /* ViewController.swift in Sources */ = {isa = PBXBuildFile; fileRef = 7FEBE5C01F057743006A855A /* ViewController.swift */; };
		7FEBE5C41F057743006A855A /* Main.storyboard in Resources */ = {isa = PBXBuildFile; fileRef = 7FEBE5C21F057743006A855A /* Main.storyboard */; };
		7FEBE5C61F057743006A855A /* Assets.xcassets in Resources */ = {isa = PBXBuildFile; fileRef = 7FEBE5C51F057743006A855A /* Assets.xcassets */; };
		7FEBE5C91F057743006A855A /* LaunchScreen.storyboard in Resources */ = {isa = PBXBuildFile; fileRef = 7FEBE5C71F057743006A855A /* LaunchScreen.storyboard */; };
/* End PBXBuildFile section */

/* Begin PBXFileReference section */
		7FEBE5BB1F057743006A855A /* Mock2.app */ = {isa = PBXFileReference; explicitFileType = wrapper.application; includeInIndex = 0; path = Mock2.app; sourceTree = BUILT_PRODUCTS_DIR; };
		7FEBE5BE1F057743006A855A /* AppDelegate.swift */ = {isa = PBXFileReference; lastKnownFileType = sourcecode.swift; path = AppDelegate.swift; sourceTree = "<group>"; };
		7FEBE5C01F057743006A855A /* ViewController.swift */ = {isa = PBXFileReference; lastKnownFileType = sourcecode.swift; path = ViewController.swift; sourceTree = "<group>"; };
		7FEBE5C31F057743006A855A /* Base */ = {isa = PBXFileReference; lastKnownFileType = file.storyboard; name = Base; path = Base.lproj/Main.storyboard; sourceTree = "<group>"; };
		7FEBE5C51F057743006A855A /* Assets.xcassets */ = {isa = PBXFileReference; lastKnownFileType = folder.assetcatalog; path = Assets.xcassets; sourceTree = "<group>"; };
		7FEBE5C81F057743006A855A /* Base */ = {isa = PBXFileReference; lastKnownFileType = file.storyboard; name = Base; path = Base.lproj/LaunchScreen.storyboard; sourceTree = "<group>"; };
		7FEBE5CA1F057743006A855A /* Info.plist */ = {isa = PBXFileReference; lastKnownFileType = text.plist.xml; path = Info.plist; sourceTree = "<group>"; };
/* End PBXFileReference section */

/* Begin PBXFrameworksBuildPhase section */
		7FEBE5B81F057743006A855A /* Frameworks */ = {
			isa = PBXFrameworksBuildPhase;
			buildActionMask = 2147483647;
			files = (
			);
			runOnlyForDeploymentPostprocessing = 0;
		};
/* End PBXFrameworksBuildPhase section */

/* Begin PBXGroup section */
		7FEBE5B21F057743006A855A = {
			isa = PBXGroup;
			children = (
				7FEBE5BD1F057743006A855A /* Mock2 */,
				7FEBE5BC1F057743006A855A /* Products */,
			);
			sourceTree = "<group>";
		};
		7FEBE5BC1F057743006A855A /* Products */ = {
			isa = PBXGroup;
			children = (
				7FEBE5BB1F057743006A855A /* Mock2.app */,
			);
			name = Products;
			sourceTree = "<group>";
		};
		7FEBE5BD1F057743006A855A /* Mock2 */ = {
			isa = PBXGroup;
			children = (
				7FEBE5BE1F057743006A855A /* AppDelegate.swift */,
				7FEBE5C01F057743006A855A /* ViewController.swift */,
				7FEBE5C21F057743006A855A /* Main.storyboard */,
				7FEBE5C51F057743006A855A /* Assets.xcassets */,
				7FEBE5C71F057743006A855A /* LaunchScreen.storyboard */,
				7FEBE5CA1F057743006A855A /* Info.plist */,
			);
			path = Mock2;
			sourceTree = "<group>";
		};
/* End PBXGroup section */

/* Begin PBXNativeTarget section */
		7FEBE5BA1F057743006A855A /* Mock2 */ = {
			isa = PBXNativeTarget;
			buildConfigurationList = 7FEBE5CD1F057743006A855A /* Build configuration list for PBXNativeTarget "Mock2" */;
			buildPhases = (
				7FEBE5B71F057743006A855A /* Sources */,
				7FEBE5B81F057743006A855A /* Frameworks */,
				7FEBE5B91F057743006A855A /* Resources */,
			);
			buildRules = (
			);
			dependencies = (
			);
			name = Mock2;
			productName = Mock2;
			productReference = 7FEBE5BB1F057743006A855A /* Mock2.app */;
			productType = "com.apple.product-type.application";
		};
/* End PBXNativeTarget section */

/* Begin PBXProject section */
		7FEBE5B31F057743006A855A /* Project object */ = {
			isa = PBXProject;
			attributes = {
				LastSwiftUpdateCheck = 0830;
				LastUpgradeCheck = 0830;
				ORGANIZATIONNAME = "Vincent Immanuel";
				TargetAttributes = {
					7FEBE5BA1F057743006A855A = {
						CreatedOnToolsVersion = 8.3.3;
						ProvisioningStyle = Automatic;
					};
				};
			};
			buildConfigurationList = 7FEBE5B61F057743006A855A /* Build configuration list for PBXProject "Mock2" */;
			compatibilityVersion = "Xcode 3.2";
			developmentRegion = English;
			hasScannedForEncodings = 0;
			knownRegions = (
				en,
				Base,
			);
			mainGroup = 7FEBE5B21F057743006A855A;
			productRefGroup = 7FEBE5BC1F057743006A855A /* Products */;
			projectDirPath = "";
			projectRoot = "";
			targets = (
				7FEBE5BA1F057743006A855A /* Mock2 */,
			);
		};
/* End PBXProject section */

/* Begin PBXResourcesBuildPhase section */
		7FEBE5B91F057743006A855A /* Resources */ = {
			isa = PBXResourcesBuildPhase;
			buildActionMask = 2147483647;
			files = (
				7FEBE5C91F057743006A855A /* LaunchScreen.storyboard in Resources */,
				7FEBE5C61F057743006A855A /* Assets.xcassets in Resources */,
				7FEBE5C41F057743006A855A /* Main.storyboard in Resources */,
			);
			runOnlyForDeploymentPostprocessing = 0;
		};
/* End PBXResourcesBuildPhase section */

/* Begin PBXSourcesBuildPhase section */
		7FEBE5B71F057743006A855A /* Sources */ = {
			isa = PBXSourcesBuildPhase;
			buildActionMask = 2147483647;
			files = (
				7FEBE5C11F057743006A855A /* ViewController.swift in Sources */,
				7FEBE5BF1F057743006A855A /* AppDelegate.swift in Sources */,
			);
			runOnlyForDeploymentPostprocessing = 0;
		};
/* End PBXSourcesBuildPhase section */

/* Begin PBXVariantGroup section */
		7FEBE5C21F057743006A855A /* Main.storyboard */ = {
			isa = PBXVariantGroup;
			children = (
				7FEBE5C31F057743006A855A /* Base */,
			);
			name = Main.storyboard;
			sourceTree = "<group>";
		};
		7FEBE5C71F057743006A855A /* LaunchScreen.storyboard */ = {
			isa = PBXVariantGroup;
			children = (
				7FEBE5C81F057743006A855A /* Base */,
			);
			name = LaunchScreen.storyboard;
			sourceTree = "<group>";
		};
/* End PBXVariantGroup section */

/* Begin XCBuildConfiguration section */
		7FEBE5CB1F057743006A855A /* Debug */ = {
			isa = XCBuildConfiguration;
			buildSettings = {
				ALWAYS_SEARCH_USER_PATHS = NO;
				CLANG_ANALYZER_NONNULL = YES;
				CLANG_ANALYZER_NUMBER_OBJECT_CONVERSION = YES_AGGRESSIVE;
				CLANG_CXX_LANGUAGE_STANDARD = "gnu++0x";
				CLANG_CXX_LIBRARY = "libc++";
				CLANG_ENABLE_MODULES = YES;
				CLANG_ENABLE_OBJC_ARC = YES;
				CLANG_WARN_BOOL_CONVERSION = YES;
				CLANG_WARN_CONSTANT_CONVERSION = YES;
				CLANG_WARN_DIRECT_OBJC_ISA_USAGE = YES_ERROR;
				CLANG_WARN_DOCUMENTATION_COMMENTS = YES;
				CLANG_WARN_EMPTY_BODY = YES;
				CLANG_WARN_ENUM_CONVERSION = YES;
				CLANG_WARN_INFINITE_RECURSION = YES;
				CLANG_WARN_INT_CONVERSION = YES;
				CLANG_WARN_OBJC_ROOT_CLASS = YES_ERROR;
				CLANG_WARN_SUSPICIOUS_MOVE = YES;
				CLANG_WARN_UNREACHABLE_CODE = YES;
				CLANG_WARN__DUPLICATE_METHOD_MATCH = YES;
				"CODE_SIGN_IDENTITY[sdk=iphoneos*]" = "iPhone Developer";
				COPY_PHASE_STRIP = NO;
				DEBUG_INFORMATION_FORMAT = dwarf;
				ENABLE_STRICT_OBJC_MSGSEND = YES;
				ENABLE_TESTABILITY = YES;
				GCC_C_LANGUAGE_STANDARD = gnu99;
				GCC_DYNAMIC_NO_PIC = NO;
				GCC_NO_COMMON_BLOCKS = YES;
				GCC_OPTIMIZATION_LEVEL = 0;
				GCC_PREPROCESSOR_DEFINITIONS = (
					"DEBUG=1",
					"$(inherited)",
				);
				GCC_WARN_64_TO_32_BIT_CONVERSION = YES;
				GCC_WARN_ABOUT_RETURN_TYPE = YES_ERROR;
				GCC_WARN_UNDECLARED_SELECTOR = YES;
				GCC_WARN_UNINITIALIZED_AUTOS = YES_AGGRESSIVE;
				GCC_WARN_UNUSED_FUNCTION = YES;
				GCC_WARN_UNUSED_VARIABLE = YES;
				IPHONEOS_DEPLOYMENT_TARGET = 10.3;
				MTL_ENABLE_DEBUG_INFO = YES;
				ONLY_ACTIVE_ARCH = YES;
				SDKROOT = iphoneos;
				SWIFT_ACTIVE_COMPILATION_CONDITIONS = DEBUG;
				SWIFT_OPTIMIZATION_LEVEL = "-Onone";
			};
			name = Debug;
		};
		7FEBE5CC1F057743006A855A /* Release */ = {
			isa = XCBuildConfiguration;
			buildSettings = {
				ALWAYS_SEARCH_USER_PATHS = NO;
				CLANG_ANALYZER_NONNULL = YES;
				CLANG_ANALYZER_NUMBER_OBJECT_CONVERSION = YES_AGGRESSIVE;
				CLANG_CXX_LANGUAGE_STANDARD = "gnu++0x";
				CLANG_CXX_LIBRARY = "libc++";
				CLANG_ENABLE_MODULES = YES;
				CLANG_ENABLE_OBJC_ARC = YES;
				CLANG_WARN_BOOL_CONVERSION = YES;
				CLANG_WARN_CONSTANT_CONVERSION = YES;
				CLANG_WARN_DIRECT_OBJC_ISA_USAGE = YES_ERROR;
				CLANG_WARN_DOCUMENTATION_COMMENTS = YES;
				CLANG_WARN_EMPTY_BODY = YES;
				CLANG_WARN_ENUM_CONVERSION = YES;
				CLANG_WARN_INFINITE_RECURSION = YES;
				CLANG_WARN_INT_CONVERSION = YES;
				CLANG_WARN_OBJC_ROOT_CLASS = YES_ERROR;
				CLANG_WARN_SUSPICIOUS_MOVE = YES;
				CLANG_WARN_UNREACHABLE_CODE = YES;
				CLANG_WARN__DUPLICATE_METHOD_MATCH = YES;
				"CODE_SIGN_IDENTITY[sdk=iphoneos*]" = "iPhone Developer";
				COPY_PHASE_STRIP = NO;
				DEBUG_INFORMATION_FORMAT = "dwarf-with-dsym";
				ENABLE_NS_ASSERTIONS = NO;
				ENABLE_STRICT_OBJC_MSGSEND = YES;
				GCC_C_LANGUAGE_STANDARD = gnu99;
				GCC_NO_COMMON_BLOCKS = YES;
				GCC_WARN_64_TO_32_BIT_CONVERSION = YES;
				GCC_WARN_ABOUT_RETURN_TYPE = YES_ERROR;
				GCC_WARN_UNDECLARED_SELECTOR = YES;
				GCC_WARN_UNINITIALIZED_AUTOS = YES_AGGRESSIVE;
				GCC_WARN_UNUSED_FUNCTION = YES;
				GCC_WARN_UNUSED_VARIABLE = YES;
				IPHONEOS_DEPLOYMENT_TARGET = 10.3;
				MTL_ENABLE_DEBUG_INFO = NO;
				SDKROOT = iphoneos;
				SWIFT_OPTIMIZATION_LEVEL = "-Owholemodule";
				VALIDATE_PRODUCT = YES;
			};
			name = Release;
		};
		7FEBE5CE1F057743006A855A /* Debug */ = {
			isa = XCBuildConfiguration;
			buildSettings = {
				ASSETCATALOG_COMPILER_APPICON_NAME = AppIcon;
				INFOPLIST_FILE = Mock2/Info.plist;
				LD_RUNPATH_SEARCH_PATHS = "$(inherited) @executable_path/Frameworks";
				PRODUCT_BUNDLE_IDENTIFIER = com.example.Mock2;
				PRODUCT_NAME = "$(TARGET_NAME)";
				SWIFT_VERSION = 3.0;
			};
			name = Debug;
		};
		7FEBE5CF1F057743006A855A /* Release */ = {
			isa = XCBuildConfiguration;
			buildSettings = {
				ASSETCATALOG_COMPILER_APPICON_NAME = AppIcon;
				INFOPLIST_FILE = Mock2/Info.plist;
				LD_RUNPATH_SEARCH_PATHS = "$(inherited) @executable_path/Frameworks";
				PRODUCT_BUNDLE_IDENTIFIER = com.example.Mock2;
				PRODUCT_NAME = "$(TARGET_NAME)";
				SWIFT_VERSION = 3.0;
			};
			name = Release;
		};
/* End XCBuildConfiguration section */

/* Begin XCConfigurationList section */
		7FEBE5B61F057743006A855A /* Build configuration list for PBXProject "Mock2" */ = {
			isa = XCConfigurationList;
			buildConfigurations = (
				7FEBE5CB1F057743006A855A /* Debug */,
				7FEBE5CC1F057743006A855A /* Release */,
			);
			defaultConfigurationIsVisible = 0;
			defaultConfigurationName = Release;
		};
		7FEBE5CD1F057743006A855A /* Build configuration list for PBXNativeTarget "Mock2" */ = {
			isa = XCConfigurationList;
			buildConfigurations = (
				7FEBE5CE1F057743006A855A /* Debug */,
				7FEBE5CF1F057743006A855A /* Release */,
			);
			defaultConfigurationIsVisible = 0;
		};
/* End XCConfigurationList section */
	};
	rootObject = 7FEBE5B31F057743006A855A /* Project object */;
}
